
Microsoft Visual Studio Solution File, Format Version 12.00
Project("{FAE04EC0-301F-11D3-BF4B-00C04F79EFBC}") = "PingService", "PingService\PingService.csproj", "{B55F9B12-449F-4B44-A761-F3C079EAD081}"
EndProject
Project("{FAE04EC0-301F-11D3-BF4B-00C04F79EFBC}") = "PongService", "PongService\PongService.csproj", "{85870106-DD1A-44ED-A081-FDBF2ADF808D}"
EndProject
Project("{FAE04EC0-301F-11D3-BF4B-00C04F79EFBC}") = "Gateway", "Gateway\Gateway.csproj", "{F153DF31-1988-4BDA-92CC-2BC2BE66C928}"
EndProject
Project("{FAE04EC0-301F-11D3-BF4B-00C04F79EFBC}") = "AuthService", "AuthService\AuthService.csproj", "{046F3206-2A1F-4535-A900-0B31D5BC726B}"
EndProject
Global
	GlobalSection(SolutionConfigurationPlatforms) = preSolution
		Debug|Any CPU = Debug|Any CPU
		Release|Any CPU = Release|Any CPU
	EndGlobalSection
	GlobalSection(ProjectConfigurationPlatforms) = postSolution
		{B55F9B12-449F-4B44-A761-F3C079EAD081}.Debug|Any CPU.ActiveCfg = Debug|Any CPU
		{B55F9B12-449F-4B44-A761-F3C079EAD081}.Debug|Any CPU.Build.0 = Debug|Any CPU
		{B55F9B12-449F-4B44-A761-F3C079EAD081}.Release|Any CPU.ActiveCfg = Release|Any CPU
		{B55F9B12-449F-4B44-A761-F3C079EAD081}.Release|Any CPU.Build.0 = Release|Any CPU
		{85870106-DD1A-44ED-A081-FDBF2ADF808D}.Debug|Any CPU.ActiveCfg = Debug|Any CPU
		{85870106-DD1A-44ED-A081-FDBF2ADF808D}.Debug|Any CPU.Build.0 = Debug|Any CPU
		{85870106-DD1A-44ED-A081-FDBF2ADF808D}.Release|Any CPU.ActiveCfg = Release|Any CPU
		{85870106-DD1A-44ED-A081-FDBF2ADF808D}.Release|Any CPU.Build.0 = Release|Any CPU
		{F153DF31-1988-4BDA-92CC-2BC2BE66C928}.Debug|Any CPU.ActiveCfg = Debug|Any CPU
		{F153DF31-1988-4BDA-92CC-2BC2BE66C928}.Debug|Any CPU.Build.0 = Debug|Any CPU
		{F153DF31-1988-4BDA-92CC-2BC2BE66C928}.Release|Any CPU.ActiveCfg = Release|Any CPU
		{F153DF31-1988-4BDA-92CC-2BC2BE66C928}.Release|Any CPU.Build.0 = Release|Any CPU
		{046F3206-2A1F-4535-A900-0B31D5BC726B}.Debug|Any CPU.ActiveCfg = Debug|Any CPU
		{046F3206-2A1F-4535-A900-0B31D5BC726B}.Debug|Any CPU.Build.0 = Debug|Any CPU
		{046F3206-2A1F-4535-A900-0B31D5BC726B}.Release|Any CPU.ActiveCfg = Release|Any CPU
		{046F3206-2A1F-4535-A900-0B31D5BC726B}.Release|Any CPU.Build.0 = Release|Any CPU
	EndGlobalSection
EndGlobal
